
Microsoft Visual Studio Solution File, Format Version 12.00
# Visual Studio Version 16
VisualStudioVersion = 16.0.34301.259
MinimumVisualStudioVersion = 10.0.40219.1
Project("{FAE04EC0-301F-11D3-BF4B-00C04F79EFBC}") = "ACM Problems Handler", "ACM Problems Handler\ACM Problems Handler.csproj", "{FA3D9AB3-296F-4DCF-8D6A-DEA111B4CFA0}"
EndProject
Global
	GlobalSection(SolutionConfigurationPlatforms) = preSolution
		Debug|Any CPU = Debug|Any CPU
		Release|Any CPU = Release|Any CPU
	EndGlobalSection
	GlobalSection(ProjectConfigurationPlatforms) = postSolution
		{FA3D9AB3-296F-4DCF-8D6A-DEA111B4CFA0}.Debug|Any CPU.ActiveCfg = Debug|Any CPU
		{FA3D9AB3-296F-4DCF-8D6A-DEA111B4CFA0}.Debug|Any CPU.Build.0 = Debug|Any CPU
		{FA3D9AB3-296F-4DCF-8D6A-DEA111B4CFA0}.Release|Any CPU.ActiveCfg = Release|Any CPU
		{FA3D9AB3-296F-4DCF-8D6A-DEA111B4CFA0}.Release|Any CPU.Build.0 = Release|Any CPU
	EndGlobalSection
	GlobalSection(SolutionProperties) = preSolution
		HideSolutionNode = FALSE
	EndGlobalSection
	GlobalSection(ExtensibilityGlobals) = postSolution
		SolutionGuid = {D807B21A-1BF5-4CA0-9E39-5D928137E7BD}
	EndGlobalSection
EndGlobal
